github.com/free/concurrent-writer v0.0.0-20171117212831-363b9993c911 h1:k+h1wjFXceEU80h65nRwDGuHsVdwQl8ROlSuKDx7K7o=
github.com/free/concurrent-writer v0.0.0-20171117212831-363b9993c911/go.mod h1:9MCv1n7hVJjG+L8lCycwDYXa/bR8kxWpCCKBi9LZal8=
github.com/valinurovam/garagemq v0.0.0-20230728112533-54a6ccf403f9 h1:bCs5VYTBAS5kXHe4EfLFwQqpIHis1m+4qj5xpppWprg=
github.com/valinurovam/garagemq v0.0.0-20230728112533-54a6ccf403f9/go.mod h1:zq2Rs05WIMCnMEl/c0u9ENOJM40PJnJGVjZqqDOqpqU=
golang.org/x/crypto v0.4.0 h1:UVQgzMY87xqpKNgb+kDsll2Igd33HszWHFLmpaRMq/8=
golang.org/x/crypto v0.4.0/go.mod h1:3quD/ATkf6oY+rnes5c3ExXTbLc8mueNue5/DoinL80=
